
Microsoft Visual Studio Solution File, Format Version 12.00
# Visual Studio Version 17
VisualStudioVersion = 17.5.002.0
MinimumVisualStudioVersion = 10.0.40219.1
Project("{2150E333-8FDC-42A3-9474-1A3956D46DE8}") = "csharp-prep", "csharp-prep", "{4EB37AE2-D638-4280-A0E8-AB523E3904EB}"
EndProject
Project("{9A19103F-16F7-4668-BE54-9A1E7A4F7556}") = "Prep1", "csharp-prep\Prep1\Prep1.csproj", "{805B948D-33F4-42EB-97C3-6388D90B9945}"
EndProject
Project("{9A19103F-16F7-4668-BE54-9A1E7A4F7556}") = "Prep2", "csharp-prep\Prep2\Prep2.csproj", "{DB8EB94D-5B08-47B0-999A-87E81DA87423}"
EndProject
Project("{9A19103F-16F7-4668-BE54-9A1E7A4F7556}") = "Prep3", "csharp-prep\Prep3\Prep3.csproj", "{4B7ACEB9-3B2F-4C5C-9DE4-363644D767F0}"
EndProject
Project("{9A19103F-16F7-4668-BE54-9A1E7A4F7556}") = "Prep4", "csharp-prep\Prep4\Prep4.csproj", "{DD53ED54-FA74-4E38-82A4-3DB344A71F25}"
EndProject
Project("{9A19103F-16F7-4668-BE54-9A1E7A4F7556}") = "Prep5", "csharp-prep\Prep5\Prep5.csproj", "{C21388E8-8283-4410-89A4-60D4A88CF36D}"
EndProject
Project("{2150E333-8FDC-42A3-9474-1A3956D46DE8}") = "final", "final", "{E4B5529B-5A3F-4E10-A92A-4A0CA834F455}"
EndProject
Project("{9A19103F-16F7-4668-BE54-9A1E7A4F7556}") = "FinalProject", "final\FinalProject\FinalProject.csproj", "{9C2FAC2D-36CC-4D34-908A-18325C29EB01}"
EndProject
Project("{9A19103F-16F7-4668-BE54-9A1E7A4F7556}") = "Foundation1", "final\Foundation1\Foundation1.csproj", "{AFBB7F57-C7AE-4398-BA2A-B75A830B6F38}"
EndProject
Project("{9A19103F-16F7-4668-BE54-9A1E7A4F7556}") = "Foundation2", "final\Foundation2\Foundation2.csproj", "{276C87F2-FA55-4A9A-9EB2-D1102424D07D}"
EndProject
Project("{9A19103F-16F7-4668-BE54-9A1E7A4F7556}") = "Foundation3", "final\Foundation3\Foundation3.csproj", "{55FFBA28-2D7B-4225-B8E2-59E64FEC3010}"
EndProject
Project("{9A19103F-16F7-4668-BE54-9A1E7A4F7556}") = "Foundation4", "final\Foundation4\Foundation4.csproj", "{258A8C46-F385-41AC-B6A3-BB34571CA24C}"
EndProject
Project("{2150E333-8FDC-42A3-9474-1A3956D46DE8}") = "prepare", "prepare", "{66A85F94-15CE-4AC4-9D09-B38DE128627A}"
EndProject
Project("{9A19103F-16F7-4668-BE54-9A1E7A4F7556}") = "Learning02", "prepare\Learning02\Learning02.csproj", "{565DCF94-65BC-434A-993B-2BF2B11FCA1A}"
EndProject
Project("{9A19103F-16F7-4668-BE54-9A1E7A4F7556}") = "Learning03", "prepare\Learning03\Learning03.csproj", "{F8DE3C34-5CE4-43BC-813E-8AC5378FB000}"
EndProject
Project("{9A19103F-16F7-4668-BE54-9A1E7A4F7556}") = "Learning04", "prepare\Learning04\Learning04.csproj", "{C1708010-FDBA-4505-B343-EA57AF29EFC5}"
EndProject
Project("{9A19103F-16F7-4668-BE54-9A1E7A4F7556}") = "Learning05", "prepare\Learning05\Learning05.csproj", "{B2C59842-7BD0-4F12-BF11-BE3415FC9CC5}"
EndProject
Project("{2150E333-8FDC-42A3-9474-1A3956D46DE8}") = "prove", "prove", "{E1C6ED20-F15C-445D-8740-07A567AF6855}"
EndProject
Project("{9A19103F-16F7-4668-BE54-9A1E7A4F7556}") = "Develop02", "prove\Develop02\Develop02.csproj", "{181468A1-E466-4730-B040-57F9EF793301}"
EndProject
Project("{9A19103F-16F7-4668-BE54-9A1E7A4F7556}") = "Develop03", "prove\Develop03\Develop03.csproj", "{8BDA5A7D-869E-4104-B650-F4162B0AF574}"
EndProject
Project("{9A19103F-16F7-4668-BE54-9A1E7A4F7556}") = "Develop04", "prove\Develop04\Develop04.csproj", "{6A8792D2-D1E0-4AF6-BA40-4AB5F4CB4C43}"
EndProject
Project("{9A19103F-16F7-4668-BE54-9A1E7A4F7556}") = "Develop05", "prove\Develop05\Develop05.csproj", "{803F0925-2FCE-4622-A364-7EA5238D97D4}"
EndProject
Project("{2150E333-8FDC-42A3-9474-1A3956D46DE8}") = "sandbox", "sandbox", "{7491CA9D-3FDD-4CF2-BFE9-80E8E6EFD667}"
EndProject
Project("{9A19103F-16F7-4668-BE54-9A1E7A4F7556}") = "Sandbox", "sandbox\Sandbox\Sandbox.csproj", "{7DF4F8D1-A1EC-4FA6-9D30-0AAE2D780F77}"
EndProject
Global
	GlobalSection(SolutionConfigurationPlatforms) = preSolution
		Debug|Any CPU = Debug|Any CPU
		Release|Any CPU = Release|Any CPU
	EndGlobalSection
	GlobalSection(ProjectConfigurationPlatforms) = postSolution
		{805B948D-33F4-42EB-97C3-6388D90B9945}.Debug|Any CPU.ActiveCfg = Debug|Any CPU
		{805B948D-33F4-42EB-97C3-6388D90B9945}.Debug|Any CPU.Build.0 = Debug|Any CPU
		{805B948D-33F4-42EB-97C3-6388D90B9945}.Release|Any CPU.ActiveCfg = Release|Any CPU
		{805B948D-33F4-42EB-97C3-6388D90B9945}.Release|Any CPU.Build.0 = Release|Any CPU
		{DB8EB94D-5B08-47B0-999A-87E81DA87423}.Debug|Any CPU.ActiveCfg = Debug|Any CPU
		{DB8EB94D-5B08-47B0-999A-87E81DA87423}.Debug|Any CPU.Build.0 = Debug|Any CPU
		{DB8EB94D-5B08-47B0-999A-87E81DA87423}.Release|Any CPU.ActiveCfg = Release|Any CPU
		{DB8EB94D-5B08-47B0-999A-87E81DA87423}.Release|Any CPU.Build.0 = Release|Any CPU
		{4B7ACEB9-3B2F-4C5C-9DE4-363644D767F0}.Debug|Any CPU.ActiveCfg = Debug|Any CPU
		{4B7ACEB9-3B2F-4C5C-9DE4-363644D767F0}.Debug|Any CPU.Build.0 = Debug|Any CPU
		{4B7ACEB9-3B2F-4C5C-9DE4-363644D767F0}.Release|Any CPU.ActiveCfg = Release|Any CPU
		{4B7ACEB9-3B2F-4C5C-9DE4-363644D767F0}.Release|Any CPU.Build.0 = Release|Any CPU
		{DD53ED54-FA74-4E38-82A4-3DB344A71F25}.Debug|Any CPU.ActiveCfg = Debug|Any CPU
		{DD53ED54-FA74-4E38-82A4-3DB344A71F25}.Debug|Any CPU.Build.0 = Debug|Any CPU
		{DD53ED54-FA74-4E38-82A4-3DB344A71F25}.Release|Any CPU.ActiveCfg = Release|Any CPU
		{DD53ED54-FA74-4E38-82A4-3DB344A71F25}.Release|Any CPU.Build.0 = Release|Any CPU
		{C21388E8-8283-4410-89A4-60D4A88CF36D}.Debug|Any CPU.ActiveCfg = Debug|Any CPU
		{C21388E8-8283-4410-89A4-60D4A88CF36D}.Debug|Any CPU.Build.0 = Debug|Any CPU
		{C21388E8-8283-4410-89A4-60D4A88CF36D}.Release|Any CPU.ActiveCfg = Release|Any CPU
		{C21388E8-8283-4410-89A4-60D4A88CF36D}.Release|Any CPU.Build.0 = Release|Any CPU
		{9C2FAC2D-36CC-4D34-908A-18325C29EB01}.Debug|Any CPU.ActiveCfg = Debug|Any CPU
		{9C2FAC2D-36CC-4D34-908A-18325C29EB01}.Debug|Any CPU.Build.0 = Debug|Any CPU
		{9C2FAC2D-36CC-4D34-908A-18325C29EB01}.Release|Any CPU.ActiveCfg = Release|Any CPU
		{9C2FAC2D-36CC-4D34-908A-18325C29EB01}.Release|Any CPU.Build.0 = Release|Any CPU
		{AFBB7F57-C7AE-4398-BA2A-B75A830B6F38}.Debug|Any CPU.ActiveCfg = Debug|Any CPU
		{AFBB7F57-C7AE-4398-BA2A-B75A830B6F38}.Debug|Any CPU.Build.0 = Debug|Any CPU
		{AFBB7F57-C7AE-4398-BA2A-B75A830B6F38}.Release|Any CPU.ActiveCfg = Release|Any CPU
		{AFBB7F57-C7AE-4398-BA2A-B75A830B6F38}.Release|Any CPU.Build.0 = Release|Any CPU
		{276C87F2-FA55-4A9A-9EB2-D1102424D07D}.Debug|Any CPU.ActiveCfg = Debug|Any CPU
		{276C87F2-FA55-4A9A-9EB2-D1102424D07D}.Debug|Any CPU.Build.0 = Debug|Any CPU
		{276C87F2-FA55-4A9A-9EB2-D1102424D07D}.Release|Any CPU.ActiveCfg = Release|Any CPU
		{276C87F2-FA55-4A9A-9EB2-D1102424D07D}.Release|Any CPU.Build.0 = Release|Any CPU
		{55FFBA28-2D7B-4225-B8E2-59E64FEC3010}.Debug|Any CPU.ActiveCfg = Debug|Any CPU
		{55FFBA28-2D7B-4225-B8E2-59E64FEC3010}.Debug|Any CPU.Build.0 = Debug|Any CPU
		{55FFBA28-2D7B-4225-B8E2-59E64FEC3010}.Release|Any CPU.ActiveCfg = Release|Any CPU
		{55FFBA28-2D7B-4225-B8E2-59E64FEC3010}.Release|Any CPU.Build.0 = Release|Any CPU
		{258A8C46-F385-41AC-B6A3-BB34571CA24C}.Debug|Any CPU.ActiveCfg = Debug|Any CPU
		{258A8C46-F385-41AC-B6A3-BB34571CA24C}.Debug|Any CPU.Build.0 = Debug|Any CPU
		{258A8C46-F385-41AC-B6A3-BB34571CA24C}.Release|Any CPU.ActiveCfg = Release|Any CPU
		{258A8C46-F385-41AC-B6A3-BB34571CA24C}.Release|Any CPU.Build.0 = Release|Any CPU
		{565DCF94-65BC-434A-993B-2BF2B11FCA1A}.Debug|Any CPU.ActiveCfg = Debug|Any CPU
		{565DCF94-65BC-434A-993B-2BF2B11FCA1A}.Debug|Any CPU.Build.0 = Debug|Any CPU
		{565DCF94-65BC-434A-993B-2BF2B11FCA1A}.Release|Any CPU.ActiveCfg = Release|Any CPU
		{565DCF94-65BC-434A-993B-2BF2B11FCA1A}.Release|Any CPU.Build.0 = Release|Any CPU
		{F8DE3C34-5CE4-43BC-813E-8AC5378FB000}.Debug|Any CPU.ActiveCfg = Debug|Any CPU
		{F8DE3C34-5CE4-43BC-813E-8AC5378FB000}.Debug|Any CPU.Build.0 = Debug|Any CPU
		{F8DE3C34-5CE4-43BC-813E-8AC5378FB000}.Release|Any CPU.ActiveCfg = Release|Any CPU
		{F8DE3C34-5CE4-43BC-813E-8AC5378FB000}.Release|Any CPU.Build.0 = Release|Any CPU
		{C1708010-FDBA-4505-B343-EA57AF29EFC5}.Debug|Any CPU.ActiveCfg = Debug|Any CPU
		{C1708010-FDBA-4505-B343-EA57AF29EFC5}.Debug|Any CPU.Build.0 = Debug|Any CPU
		{C1708010-FDBA-4505-B343-EA57AF29EFC5}.Release|Any CPU.ActiveCfg = Release|Any CPU
		{C1708010-FDBA-4505-B343-EA57AF29EFC5}.Release|Any CPU.Build.0 = Release|Any CPU
		{B2C59842-7BD0-4F12-BF11-BE3415FC9CC5}.Debug|Any CPU.ActiveCfg = Debug|Any CPU
		{B2C59842-7BD0-4F12-BF11-BE3415FC9CC5}.Debug|Any CPU.Build.0 = Debug|Any CPU
		{B2C59842-7BD0-4F12-BF11-BE3415FC9CC5}.Release|Any CPU.ActiveCfg = Release|Any CPU
		{B2C59842-7BD0-4F12-BF11-BE3415FC9CC5}.Release|Any CPU.Build.0 = Release|Any CPU
		{181468A1-E466-4730-B040-57F9EF793301}.Debug|Any CPU.ActiveCfg = Debug|Any CPU
		{181468A1-E466-4730-B040-57F9EF793301}.Debug|Any CPU.Build.0 = Debug|Any CPU
		{181468A1-E466-4730-B040-57F9EF793301}.Release|Any CPU.ActiveCfg = Release|Any CPU
		{181468A1-E466-4730-B040-57F9EF793301}.Release|Any CPU.Build.0 = Release|Any CPU
		{8BDA5A7D-869E-4104-B650-F4162B0AF574}.Debug|Any CPU.ActiveCfg = Debug|Any CPU
		{8BDA5A7D-869E-4104-B650-F4162B0AF574}.Debug|Any CPU.Build.0 = Debug|Any CPU
		{8BDA5A7D-869E-4104-B650-F4162B0AF574}.Release|Any CPU.ActiveCfg = Release|Any CPU
		{8BDA5A7D-869E-4104-B650-F4162B0AF574}.Release|Any CPU.Build.0 = Release|Any CPU
		{6A8792D2-D1E0-4AF6-BA40-4AB5F4CB4C43}.Debug|Any CPU.ActiveCfg = Debug|Any CPU
		{6A8792D2-D1E0-4AF6-BA40-4AB5F4CB4C43}.Debug|Any CPU.Build.0 = Debug|Any CPU
		{6A8792D2-D1E0-4AF6-BA40-4AB5F4CB4C43}.Release|Any CPU.ActiveCfg = Release|Any CPU
		{6A8792D2-D1E0-4AF6-BA40-4AB5F4CB4C43}.Release|Any CPU.Build.0 = Release|Any CPU
		{803F0925-2FCE-4622-A364-7EA5238D97D4}.Debug|Any CPU.ActiveCfg = Debug|Any CPU
		{803F0925-2FCE-4622-A364-7EA5238D97D4}.Debug|Any CPU.Build.0 = Debug|Any CPU
		{803F0925-2FCE-4622-A364-7EA5238D97D4}.Release|Any CPU.ActiveCfg = Release|Any CPU
		{803F0925-2FCE-4622-A364-7EA5238D97D4}.Release|Any CPU.Build.0 = Release|Any CPU
		{7DF4F8D1-A1EC-4FA6-9D30-0AAE2D780F77}.Debug|Any CPU.ActiveCfg = Debug|Any CPU
		{7DF4F8D1-A1EC-4FA6-9D30-0AAE2D780F77}.Debug|Any CPU.Build.0 = Debug|Any CPU
		{7DF4F8D1-A1EC-4FA6-9D30-0AAE2D780F77}.Release|Any CPU.ActiveCfg = Release|Any CPU
		{7DF4F8D1-A1EC-4FA6-9D30-0AAE2D780F77}.Release|Any CPU.Build.0 = Release|Any CPU
	EndGlobalSection
	GlobalSection(SolutionProperties) = preSolution
		HideSolutionNode = FALSE
	EndGlobalSection
	GlobalSection(NestedProjects) = preSolution
		{805B948D-33F4-42EB-97C3-6388D90B9945} = {4EB37AE2-D638-4280-A0E8-AB523E3904EB}
		{DB8EB94D-5B08-47B0-999A-87E81DA87423} = {4EB37AE2-D638-4280-A0E8-AB523E3904EB}
		{4B7ACEB9-3B2F-4C5C-9DE4-363644D767F0} = {4EB37AE2-D638-4280-A0E8-AB523E3904EB}
		{DD53ED54-FA74-4E38-82A4-3DB344A71F25} = {4EB37AE2-D638-4280-A0E8-AB523E3904EB}
		{C21388E8-8283-4410-89A4-60D4A88CF36D} = {4EB37AE2-D638-4280-A0E8-AB523E3904EB}
		{9C2FAC2D-36CC-4D34-908A-18325C29EB01} = {E4B5529B-5A3F-4E10-A92A-4A0CA834F455}
		{AFBB7F57-C7AE-4398-BA2A-B75A830B6F38} = {E4B5529B-5A3F-4E10-A92A-4A0CA834F455}
		{276C87F2-FA55-4A9A-9EB2-D1102424D07D} = {E4B5529B-5A3F-4E10-A92A-4A0CA834F455}
		{55FFBA28-2D7B-4225-B8E2-59E64FEC3010} = {E4B5529B-5A3F-4E10-A92A-4A0CA834F455}
		{258A8C46-F385-41AC-B6A3-BB34571CA24C} = {E4B5529B-5A3F-4E10-A92A-4A0CA834F455}
		{565DCF94-65BC-434A-993B-2BF2B11FCA1A} = {66A85F94-15CE-4AC4-9D09-B38DE128627A}
		{F8DE3C34-5CE4-43BC-813E-8AC5378FB000} = {66A85F94-15CE-4AC4-9D09-B38DE128627A}
		{C1708010-FDBA-4505-B343-EA57AF29EFC5} = {66A85F94-15CE-4AC4-9D09-B38DE128627A}
		{B2C59842-7BD0-4F12-BF11-BE3415FC9CC5} = {66A85F94-15CE-4AC4-9D09-B38DE128627A}
		{181468A1-E466-4730-B040-57F9EF793301} = {E1C6ED20-F15C-445D-8740-07A567AF6855}
		{8BDA5A7D-869E-4104-B650-F4162B0AF574} = {E1C6ED20-F15C-445D-8740-07A567AF6855}
		{6A8792D2-D1E0-4AF6-BA40-4AB5F4CB4C43} = {E1C6ED20-F15C-445D-8740-07A567AF6855}
		{803F0925-2FCE-4622-A364-7EA5238D97D4} = {E1C6ED20-F15C-445D-8740-07A567AF6855}
		{7DF4F8D1-A1EC-4FA6-9D30-0AAE2D780F77} = {7491CA9D-3FDD-4CF2-BFE9-80E8E6EFD667}
	EndGlobalSection
	GlobalSection(ExtensibilityGlobals) = postSolution
		SolutionGuid = {E37B2EBA-AD9D-4B3E-AC90-9C76D8312B8A}
	EndGlobalSection
EndGlobal
